
Microsoft Visual Studio Solution File, Format Version 12.00
# Visual Studio Version 17
VisualStudioVersion = 17.8.34330.188
MinimumVisualStudioVersion = 10.0.40219.1
Project("{FAE04EC0-301F-11D3-BF4B-00C04F79EFBC}") = "Radzen4Support", "Radzen4Support\Radzen4Support\Radzen4Support.csproj", "{81C22CB1-971F-4DCF-9618-B79F3C67C586}"
EndProject
Project("{FAE04EC0-301F-11D3-BF4B-00C04F79EFBC}") = "Radzen4Support.Client", "Radzen4Support\Radzen4Support.Client\Radzen4Support.Client.csproj", "{EC2ECB80-94D7-49AA-A6E7-D9A2EB997933}"
EndProject
Global
	GlobalSection(SolutionConfigurationPlatforms) = preSolution
		Debug|Any CPU = Debug|Any CPU
		Release|Any CPU = Release|Any CPU
	EndGlobalSection
	GlobalSection(ProjectConfigurationPlatforms) = postSolution
		{81C22CB1-971F-4DCF-9618-B79F3C67C586}.Debug|Any CPU.ActiveCfg = Debug|Any CPU
		{81C22CB1-971F-4DCF-9618-B79F3C67C586}.Debug|Any CPU.Build.0 = Debug|Any CPU
		{81C22CB1-971F-4DCF-9618-B79F3C67C586}.Release|Any CPU.ActiveCfg = Release|Any CPU
		{81C22CB1-971F-4DCF-9618-B79F3C67C586}.Release|Any CPU.Build.0 = Release|Any CPU
		{EC2ECB80-94D7-49AA-A6E7-D9A2EB997933}.Debug|Any CPU.ActiveCfg = Debug|Any CPU
		{EC2ECB80-94D7-49AA-A6E7-D9A2EB997933}.Debug|Any CPU.Build.0 = Debug|Any CPU
		{EC2ECB80-94D7-49AA-A6E7-D9A2EB997933}.Release|Any CPU.ActiveCfg = Release|Any CPU
		{EC2ECB80-94D7-49AA-A6E7-D9A2EB997933}.Release|Any CPU.Build.0 = Release|Any CPU
	EndGlobalSection
	GlobalSection(SolutionProperties) = preSolution
		HideSolutionNode = FALSE
	EndGlobalSection
	GlobalSection(ExtensibilityGlobals) = postSolution
		SolutionGuid = {EC47DBC4-A2BE-4357-91F6-E03DAA9A4461}
	EndGlobalSection
EndGlobal
